
Microsoft Visual Studio Solution File, Format Version 12.00
# Visual Studio Version 17
VisualStudioVersion = 17.14.36915.13
MinimumVisualStudioVersion = 10.0.40219.1
Project("{FAE04EC0-301F-11D3-BF4B-00C04F79EFBC}") = "MKtest", "MKtest\MKtest.csproj", "{8A27ECD2-767B-4C3C-B62E-1DF2553CB861}"
EndProject
Global
	GlobalSection(SolutionConfigurationPlatforms) = preSolution
		Debug|Any CPU = Debug|Any CPU
		Release|Any CPU = Release|Any CPU
	EndGlobalSection
	GlobalSection(ProjectConfigurationPlatforms) = postSolution
		{8A27ECD2-767B-4C3C-B62E-1DF2553CB861}.Debug|Any CPU.ActiveCfg = Release|Any CPU
		{8A27ECD2-767B-4C3C-B62E-1DF2553CB861}.Debug|Any CPU.Build.0 = Release|Any CPU
		{8A27ECD2-767B-4C3C-B62E-1DF2553CB861}.Release|Any CPU.ActiveCfg = Release|Any CPU
		{8A27ECD2-767B-4C3C-B62E-1DF2553CB861}.Release|Any CPU.Build.0 = Release|Any CPU
	EndGlobalSection
	GlobalSection(SolutionProperties) = preSolution
		HideSolutionNode = FALSE
	EndGlobalSection
	GlobalSection(ExtensibilityGlobals) = postSolution
		SolutionGuid = {5B76B16D-62EE-4F4E-B13E-1CE66EAC7E10}
	EndGlobalSection
EndGlobal
